{
  "version": 4,
  "terraform_version": "1.1.6",
  "serial": 192,
  "lineage": "418a27ab-2f1e-5a16-13fc-6ca782739970",
  "outputs": {},
  "resources": [
    {
      "mode": "managed",
      "type": "azurerm_linux_virtual_machine",
      "name": "myVMMaster",
      "provider": "provider[\"registry.terraform.io/hashicorp/azurerm\"]",
      "instances": [
        {
          "schema_version": 0,
          "attributes": {
            "additional_capabilities": [],
            "admin_password": null,
            "admin_ssh_key": [
              {
                "public_key": "ssh-rsa AAAAB3NzaC1yc2EAAAADAQABAAABAQCpc9phtAUwJONVzaeDwDqGpu6VE+a+DCBBnFlW4cpA0QUwpSTqskebR8hFW0SM1NnSk78SrykOiFh3RCgbxs93r9QE0VVqZCJHghi7G/MM1+zHO6YQTs8nlZvPbpDsbWWFpzXp2K6cPt2A6Ek8QWpA/I3wfy95X1bhCZznH5JkIgLHjeFuLFURBulY7xxUFqFklUhmmW8qnKeI3E7kbOTXcWAkt0wFGFq/s415n9BjXE4Jb0UjlvTB6AG1ZOBnVQq4Xe3rjcMXcSDpTOIO4lDo0UnvcS5Me+RJh/H6XOorn2XazTgZA3dUB0p1Z37WNQfB6RFk1O1z1r4Wd4QCz0RR pedro_garcia_sanchez@carrefour.com\r\n",
                "username": "adminUsername"
              }
            ],
            "admin_username": "adminUsername",
            "allow_extension_operations": true,
            "availability_set_id": "",
            "boot_diagnostics": [
              {
                "storage_account_uri": "https://staccountcp2pedrogarcia.blob.core.windows.net/"
              }
            ],
            "computer_name": "my-master-azure-vm",
            "custom_data": null,
            "dedicated_host_id": "",
            "disable_password_authentication": true,
            "encryption_at_host_enabled": false,
            "eviction_policy": "",
            "extensions_time_budget": "PT1H30M",
            "id": "/subscriptions/a01658ce-b25e-4629-850f-6eaa44cb28e3/resourceGroups/kubernetes_rg/providers/Microsoft.Compute/virtualMachines/my-master-azure-vm",
            "identity": [],
            "location": "westeurope",
            "max_bid_price": -1,
            "name": "my-master-azure-vm",
            "network_interface_ids": [
              "/subscriptions/a01658ce-b25e-4629-850f-6eaa44cb28e3/resourceGroups/kubernetes_rg/providers/Microsoft.Network/networkInterfaces/vmnicMaster"
            ],
            "os_disk": [
              {
                "caching": "ReadWrite",
                "diff_disk_settings": [],
                "disk_encryption_set_id": "",
                "disk_size_gb": 30,
                "name": "my-master-azure-vm_OsDisk_1_f4723b0828f442b5ae229964ca3722ff",
                "storage_account_type": "Standard_LRS",
                "write_accelerator_enabled": false
              }
            ],
            "plan": [
              {
                "name": "centos-8-stream-free",
                "product": "centos-8-stream-free",
                "publisher": "cognosys"
              }
            ],
            "priority": "Regular",
            "private_ip_address": "10.0.1.10",
            "private_ip_addresses": [
              "10.0.1.10"
            ],
            "provision_vm_agent": true,
            "proximity_placement_group_id": "",
            "public_ip_address": "40.113.132.219",
            "public_ip_addresses": [
              "40.113.132.219"
            ],
            "resource_group_name": "kubernetes_rg",
            "secret": [],
            "size": "Standard_D1_v2",
            "source_image_id": "",
            "source_image_reference": [
              {
                "offer": "centos-8-stream-free",
                "publisher": "cognosys",
                "sku": "centos-8-stream-free",
                "version": "1.2019.0810"
              }
            ],
            "tags": {
              "environment": "CP2"
            },
            "timeouts": null,
            "virtual_machine_id": "623834ce-2356-491a-a295-b59840fbd3f6",
            "virtual_machine_scale_set_id": "",
            "zone": ""
          },
          "sensitive_attributes": [],
          "private": "eyJlMmJmYjczMC1lY2FhLTExZTYtOGY4OC0zNDM2M2JjN2M0YzAiOnsiY3JlYXRlIjoyNzAwMDAwMDAwMDAwLCJkZWxldGUiOjI3MDAwMDAwMDAwMDAsInJlYWQiOjMwMDAwMDAwMDAwMCwidXBkYXRlIjoyNzAwMDAwMDAwMDAwfX0=",
          "dependencies": [
            "azurerm_network_interface.myNicMaster",
            "azurerm_public_ip.myPublicIpMaster",
            "azurerm_resource_group.rg",
            "azurerm_storage_account.stAccount",
            "azurerm_subnet.mySubnet",
            "azurerm_virtual_network.myNet"
          ]
        }
      ]
    },
    {
      "mode": "managed",
      "type": "azurerm_network_interface",
      "name": "myNicMaster",
      "provider": "provider[\"registry.terraform.io/hashicorp/azurerm\"]",
      "instances": [
        {
          "schema_version": 0,
          "attributes": {
            "applied_dns_servers": [],
            "dns_servers": [],
            "enable_accelerated_networking": false,
            "enable_ip_forwarding": false,
            "id": "/subscriptions/a01658ce-b25e-4629-850f-6eaa44cb28e3/resourceGroups/kubernetes_rg/providers/Microsoft.Network/networkInterfaces/vmnicMaster",
            "internal_dns_name_label": "",
            "internal_domain_name_suffix": "f5u2zsfmfxfutcive24dv0u1yd.ax.internal.cloudapp.net",
            "ip_configuration": [
              {
                "name": "myipconfigurationMaster",
                "primary": true,
                "private_ip_address": "10.0.1.10",
                "private_ip_address_allocation": "Static",
                "private_ip_address_version": "IPv4",
                "public_ip_address_id": "/subscriptions/a01658ce-b25e-4629-850f-6eaa44cb28e3/resourceGroups/kubernetes_rg/providers/Microsoft.Network/publicIPAddresses/vmipMaster",
                "subnet_id": "/subscriptions/a01658ce-b25e-4629-850f-6eaa44cb28e3/resourceGroups/kubernetes_rg/providers/Microsoft.Network/virtualNetworks/kubernetesnet/subnets/terraformsubnet"
              }
            ],
            "location": "westeurope",
            "mac_address": "",
            "name": "vmnicMaster",
            "private_ip_address": "10.0.1.10",
            "private_ip_addresses": [
              "10.0.1.10"
            ],
            "resource_group_name": "kubernetes_rg",
            "tags": {
              "environment": "CP2"
            },
            "timeouts": null,
            "virtual_machine_id": ""
          },
          "sensitive_attributes": [],
          "private": "eyJlMmJmYjczMC1lY2FhLTExZTYtOGY4OC0zNDM2M2JjN2M0YzAiOnsiY3JlYXRlIjoxODAwMDAwMDAwMDAwLCJkZWxldGUiOjE4MDAwMDAwMDAwMDAsInJlYWQiOjMwMDAwMDAwMDAwMCwidXBkYXRlIjoxODAwMDAwMDAwMDAwfX0=",
          "dependencies": [
            "azurerm_public_ip.myPublicIpMaster",
            "azurerm_resource_group.rg",
            "azurerm_subnet.mySubnet",
            "azurerm_virtual_network.myNet"
          ]
        }
      ]
    },
    {
      "mode": "managed",
      "type": "azurerm_network_interface_security_group_association",
      "name": "mySecGroupAssociationMaster",
      "provider": "provider[\"registry.terraform.io/hashicorp/azurerm\"]",
      "instances": [
        {
          "schema_version": 0,
          "attributes": {
            "id": "/subscriptions/a01658ce-b25e-4629-850f-6eaa44cb28e3/resourceGroups/kubernetes_rg/providers/Microsoft.Network/networkInterfaces/vmnicMaster|/subscriptions/a01658ce-b25e-4629-850f-6eaa44cb28e3/resourceGroups/kubernetes_rg/providers/Microsoft.Network/networkSecurityGroups/sshtraffic",
            "network_interface_id": "/subscriptions/a01658ce-b25e-4629-850f-6eaa44cb28e3/resourceGroups/kubernetes_rg/providers/Microsoft.Network/networkInterfaces/vmnicMaster",
            "network_security_group_id": "/subscriptions/a01658ce-b25e-4629-850f-6eaa44cb28e3/resourceGroups/kubernetes_rg/providers/Microsoft.Network/networkSecurityGroups/sshtraffic",
            "timeouts": null
          },
          "sensitive_attributes": [],
          "private": "eyJlMmJmYjczMC1lY2FhLTExZTYtOGY4OC0zNDM2M2JjN2M0YzAiOnsiY3JlYXRlIjoxODAwMDAwMDAwMDAwLCJkZWxldGUiOjE4MDAwMDAwMDAwMDAsInJlYWQiOjMwMDAwMDAwMDAwMCwidXBkYXRlIjoxODAwMDAwMDAwMDAwfX0=",
          "dependencies": [
            "azurerm_network_interface.myNicMaster",
            "azurerm_network_security_group.mySecGroup",
            "azurerm_public_ip.myPublicIpMaster",
            "azurerm_resource_group.rg",
            "azurerm_subnet.mySubnet",
            "azurerm_virtual_network.myNet"
          ]
        }
      ]
    },
    {
      "mode": "managed",
      "type": "azurerm_network_security_group",
      "name": "mySecGroup",
      "provider": "provider[\"registry.terraform.io/hashicorp/azurerm\"]",
      "instances": [
        {
          "schema_version": 0,
          "attributes": {
            "id": "/subscriptions/a01658ce-b25e-4629-850f-6eaa44cb28e3/resourceGroups/kubernetes_rg/providers/Microsoft.Network/networkSecurityGroups/sshtraffic",
            "location": "westeurope",
            "name": "sshtraffic",
            "resource_group_name": "kubernetes_rg",
            "security_rule": [
              {
                "access": "Allow",
                "description": "",
                "destination_address_prefix": "*",
                "destination_address_prefixes": [],
                "destination_application_security_group_ids": [],
                "destination_port_range": "22",
                "destination_port_ranges": [],
                "direction": "Inbound",
                "name": "SSH",
                "priority": 1001,
                "protocol": "Tcp",
                "source_address_prefix": "*",
                "source_address_prefixes": [],
                "source_application_security_group_ids": [],
                "source_port_range": "*",
                "source_port_ranges": []
              }
            ],
            "tags": {
              "environment": "CP2"
            },
            "timeouts": null
          },
          "sensitive_attributes": [],
          "private": "eyJlMmJmYjczMC1lY2FhLTExZTYtOGY4OC0zNDM2M2JjN2M0YzAiOnsiY3JlYXRlIjoxODAwMDAwMDAwMDAwLCJkZWxldGUiOjE4MDAwMDAwMDAwMDAsInJlYWQiOjMwMDAwMDAwMDAwMCwidXBkYXRlIjoxODAwMDAwMDAwMDAwfX0=",
          "dependencies": [
            "azurerm_resource_group.rg"
          ]
        }
      ]
    },
    {
      "mode": "managed",
      "type": "azurerm_public_ip",
      "name": "myPublicIpMaster",
      "provider": "provider[\"registry.terraform.io/hashicorp/azurerm\"]",
      "instances": [
        {
          "schema_version": 0,
          "attributes": {
            "allocation_method": "Dynamic",
            "domain_name_label": null,
            "fqdn": null,
            "id": "/subscriptions/a01658ce-b25e-4629-850f-6eaa44cb28e3/resourceGroups/kubernetes_rg/providers/Microsoft.Network/publicIPAddresses/vmipMaster",
            "idle_timeout_in_minutes": 4,
            "ip_address": "",
            "ip_version": "IPv4",
            "location": "westeurope",
            "name": "vmipMaster",
            "public_ip_prefix_id": null,
            "resource_group_name": "kubernetes_rg",
            "reverse_fqdn": null,
            "sku": "Basic",
            "tags": {
              "environment": "CP2"
            },
            "timeouts": null,
            "zones": null
          },
          "sensitive_attributes": [],
          "private": "eyJlMmJmYjczMC1lY2FhLTExZTYtOGY4OC0zNDM2M2JjN2M0YzAiOnsiY3JlYXRlIjoxODAwMDAwMDAwMDAwLCJkZWxldGUiOjE4MDAwMDAwMDAwMDAsInJlYWQiOjMwMDAwMDAwMDAwMCwidXBkYXRlIjoxODAwMDAwMDAwMDAwfX0=",
          "dependencies": [
            "azurerm_resource_group.rg"
          ]
        }
      ]
    },
    {
      "mode": "managed",
      "type": "azurerm_resource_group",
      "name": "rg",
      "provider": "provider[\"registry.terraform.io/hashicorp/azurerm\"]",
      "instances": [
        {
          "schema_version": 0,
          "attributes": {
            "id": "/subscriptions/a01658ce-b25e-4629-850f-6eaa44cb28e3/resourceGroups/kubernetes_rg",
            "location": "westeurope",
            "name": "kubernetes_rg",
            "tags": {
              "environment": "CP2"
            },
            "timeouts": null
          },
          "sensitive_attributes": [],
          "private": "eyJlMmJmYjczMC1lY2FhLTExZTYtOGY4OC0zNDM2M2JjN2M0YzAiOnsiY3JlYXRlIjo1NDAwMDAwMDAwMDAwLCJkZWxldGUiOjU0MDAwMDAwMDAwMDAsInJlYWQiOjMwMDAwMDAwMDAwMCwidXBkYXRlIjo1NDAwMDAwMDAwMDAwfX0="
        }
      ]
    },
    {
      "mode": "managed",
      "type": "azurerm_storage_account",
      "name": "stAccount",
      "provider": "provider[\"registry.terraform.io/hashicorp/azurerm\"]",
      "instances": [
        {
          "schema_version": 2,
          "attributes": {
            "access_tier": "Hot",
            "account_kind": "StorageV2",
            "account_replication_type": "LRS",
            "account_tier": "Standard",
            "allow_blob_public_access": false,
            "blob_properties": [],
            "custom_domain": [],
            "enable_https_traffic_only": true,
            "id": "/subscriptions/a01658ce-b25e-4629-850f-6eaa44cb28e3/resourceGroups/kubernetes_rg/providers/Microsoft.Storage/storageAccounts/staccountcp2pedrogarcia",
            "identity": [],
            "is_hns_enabled": false,
            "large_file_share_enabled": null,
            "location": "westeurope",
            "min_tls_version": "TLS1_0",
            "name": "staccountcp2pedrogarcia",
            "network_rules": [
              {
                "bypass": [
                  "AzureServices"
                ],
                "default_action": "Allow",
                "ip_rules": [],
                "virtual_network_subnet_ids": []
              }
            ],
            "primary_access_key": "FgxruZnfmCgKaQNDgUYTbd954kDh+cn6lU2Oq9rMDWQo+/7jW98oULXytoQZauT+PL2kiw9TKwe1JTihTyIFRw==",
            "primary_blob_connection_string": "DefaultEndpointsProtocol=https;BlobEndpoint=https://staccountcp2pedrogarcia.blob.core.windows.net/;AccountName=staccountcp2pedrogarcia;AccountKey=FgxruZnfmCgKaQNDgUYTbd954kDh+cn6lU2Oq9rMDWQo+/7jW98oULXytoQZauT+PL2kiw9TKwe1JTihTyIFRw==",
            "primary_blob_endpoint": "https://staccountcp2pedrogarcia.blob.core.windows.net/",
            "primary_blob_host": "staccountcp2pedrogarcia.blob.core.windows.net",
            "primary_connection_string": "DefaultEndpointsProtocol=https;AccountName=staccountcp2pedrogarcia;AccountKey=FgxruZnfmCgKaQNDgUYTbd954kDh+cn6lU2Oq9rMDWQo+/7jW98oULXytoQZauT+PL2kiw9TKwe1JTihTyIFRw==;EndpointSuffix=core.windows.net",
            "primary_dfs_endpoint": "https://staccountcp2pedrogarcia.dfs.core.windows.net/",
            "primary_dfs_host": "staccountcp2pedrogarcia.dfs.core.windows.net",
            "primary_file_endpoint": "https://staccountcp2pedrogarcia.file.core.windows.net/",
            "primary_file_host": "staccountcp2pedrogarcia.file.core.windows.net",
            "primary_location": "westeurope",
            "primary_queue_endpoint": "https://staccountcp2pedrogarcia.queue.core.windows.net/",
            "primary_queue_host": "staccountcp2pedrogarcia.queue.core.windows.net",
            "primary_table_endpoint": "https://staccountcp2pedrogarcia.table.core.windows.net/",
            "primary_table_host": "staccountcp2pedrogarcia.table.core.windows.net",
            "primary_web_endpoint": "https://staccountcp2pedrogarcia.z6.web.core.windows.net/",
            "primary_web_host": "staccountcp2pedrogarcia.z6.web.core.windows.net",
            "queue_properties": [],
            "resource_group_name": "kubernetes_rg",
            "secondary_access_key": "JoM6oZWZ/em86YHCalwJQlDn9auVHdYtqK8kK4t2N1S03o4Fbab0aINIm4dlaGRGVtY6ela/fzXQhCHVWz0Nzw==",
            "secondary_blob_connection_string": "",
            "secondary_blob_endpoint": null,
            "secondary_blob_host": null,
            "secondary_connection_string": "DefaultEndpointsProtocol=https;AccountName=staccountcp2pedrogarcia;AccountKey=JoM6oZWZ/em86YHCalwJQlDn9auVHdYtqK8kK4t2N1S03o4Fbab0aINIm4dlaGRGVtY6ela/fzXQhCHVWz0Nzw==;EndpointSuffix=core.windows.net",
            "secondary_dfs_endpoint": null,
            "secondary_dfs_host": null,
            "secondary_file_endpoint": null,
            "secondary_file_host": null,
            "secondary_location": "",
            "secondary_queue_endpoint": null,
            "secondary_queue_host": null,
            "secondary_table_endpoint": null,
            "secondary_table_host": null,
            "secondary_web_endpoint": null,
            "secondary_web_host": null,
            "static_website": [],
            "tags": {
              "environment": "CP2"
            },
            "timeouts": null
          },
          "sensitive_attributes": [],
          "private": "eyJlMmJmYjczMC1lY2FhLTExZTYtOGY4OC0zNDM2M2JjN2M0YzAiOnsiY3JlYXRlIjozNjAwMDAwMDAwMDAwLCJkZWxldGUiOjM2MDAwMDAwMDAwMDAsInJlYWQiOjMwMDAwMDAwMDAwMCwidXBkYXRlIjozNjAwMDAwMDAwMDAwfSwic2NoZW1hX3ZlcnNpb24iOiIyIn0=",
          "dependencies": [
            "azurerm_resource_group.rg"
          ]
        }
      ]
    },
    {
      "mode": "managed",
      "type": "azurerm_subnet",
      "name": "mySubnet",
      "provider": "provider[\"registry.terraform.io/hashicorp/azurerm\"]",
      "instances": [
        {
          "schema_version": 0,
          "attributes": {
            "address_prefix": "10.0.1.0/24",
            "address_prefixes": [
              "10.0.1.0/24"
            ],
            "delegation": [],
            "enforce_private_link_endpoint_network_policies": false,
            "enforce_private_link_service_network_policies": false,
            "id": "/subscriptions/a01658ce-b25e-4629-850f-6eaa44cb28e3/resourceGroups/kubernetes_rg/providers/Microsoft.Network/virtualNetworks/kubernetesnet/subnets/terraformsubnet",
            "name": "terraformsubnet",
            "resource_group_name": "kubernetes_rg",
            "service_endpoint_policy_ids": null,
            "service_endpoints": null,
            "timeouts": null,
            "virtual_network_name": "kubernetesnet"
          },
          "sensitive_attributes": [],
          "private": "eyJlMmJmYjczMC1lY2FhLTExZTYtOGY4OC0zNDM2M2JjN2M0YzAiOnsiY3JlYXRlIjoxODAwMDAwMDAwMDAwLCJkZWxldGUiOjE4MDAwMDAwMDAwMDAsInJlYWQiOjMwMDAwMDAwMDAwMCwidXBkYXRlIjoxODAwMDAwMDAwMDAwfX0=",
          "dependencies": [
            "azurerm_resource_group.rg",
            "azurerm_virtual_network.myNet"
          ]
        }
      ]
    },
    {
      "mode": "managed",
      "type": "azurerm_virtual_network",
      "name": "myNet",
      "provider": "provider[\"registry.terraform.io/hashicorp/azurerm\"]",
      "instances": [
        {
          "schema_version": 0,
          "attributes": {
            "address_space": [
              "10.0.0.0/16"
            ],
            "bgp_community": "",
            "ddos_protection_plan": [],
            "dns_servers": null,
            "guid": "c8cce92f-2dac-49cb-8915-273c3aea9bc3",
            "id": "/subscriptions/a01658ce-b25e-4629-850f-6eaa44cb28e3/resourceGroups/kubernetes_rg/providers/Microsoft.Network/virtualNetworks/kubernetesnet",
            "location": "westeurope",
            "name": "kubernetesnet",
            "resource_group_name": "kubernetes_rg",
            "subnet": [],
            "tags": {
              "environment": "CP2"
            },
            "timeouts": null,
            "vm_protection_enabled": false
          },
          "sensitive_attributes": [],
          "private": "eyJlMmJmYjczMC1lY2FhLTExZTYtOGY4OC0zNDM2M2JjN2M0YzAiOnsiY3JlYXRlIjoxODAwMDAwMDAwMDAwLCJkZWxldGUiOjE4MDAwMDAwMDAwMDAsInJlYWQiOjMwMDAwMDAwMDAwMCwidXBkYXRlIjoxODAwMDAwMDAwMDAwfX0=",
          "dependencies": [
            "azurerm_resource_group.rg"
          ]
        }
      ]
    }
  ]
}
